
Microsoft Visual Studio Solution File, Format Version 12.00
# Visual Studio 15
VisualStudioVersion = 15.0.27703.2035
MinimumVisualStudioVersion = 10.0.40219.1
Project("{FAE04EC0-301F-11D3-BF4B-00C04F79EFBC}") = "XF.AplicativoFIAP.Android", "XF.AplicativoFIAP\XF.AplicativoFIAP.Android\XF.AplicativoFIAP.Android.csproj", "{FFBE34EE-3DB2-45F4-964E-43F05F819DE5}"
EndProject
Project("{FAE04EC0-301F-11D3-BF4B-00C04F79EFBC}") = "XF.AplicativoFIAP.iOS", "XF.AplicativoFIAP\XF.AplicativoFIAP.iOS\XF.AplicativoFIAP.iOS.csproj", "{662A967D-BDCB-457B-B000-C83E5FF93968}"
EndProject
Project("{FAE04EC0-301F-11D3-BF4B-00C04F79EFBC}") = "XF.AplicativoFIAP", "XF.AplicativoFIAP\XF.AplicativoFIAP\XF.AplicativoFIAP.csproj", "{3AEAAF25-6912-448C-B2F2-D447C2F3B28D}"
EndProject
Global
	GlobalSection(SolutionConfigurationPlatforms) = preSolution
		Ad-Hoc|Any CPU = Ad-Hoc|Any CPU
		Ad-Hoc|iPhone = Ad-Hoc|iPhone
		Ad-Hoc|iPhoneSimulator = Ad-Hoc|iPhoneSimulator
		AppStore|Any CPU = AppStore|Any CPU
		AppStore|iPhone = AppStore|iPhone
		AppStore|iPhoneSimulator = AppStore|iPhoneSimulator
		Debug|Any CPU = Debug|Any CPU
		Debug|iPhone = Debug|iPhone
		Debug|iPhoneSimulator = Debug|iPhoneSimulator
		Release|Any CPU = Release|Any CPU
		Release|iPhone = Release|iPhone
		Release|iPhoneSimulator = Release|iPhoneSimulator
	EndGlobalSection
	GlobalSection(ProjectConfigurationPlatforms) = postSolution
		{FFBE34EE-3DB2-45F4-964E-43F05F819DE5}.Ad-Hoc|Any CPU.ActiveCfg = Release|Any CPU
		{FFBE34EE-3DB2-45F4-964E-43F05F819DE5}.Ad-Hoc|Any CPU.Build.0 = Release|Any CPU
		{FFBE34EE-3DB2-45F4-964E-43F05F819DE5}.Ad-Hoc|Any CPU.Deploy.0 = Release|Any CPU
		{FFBE34EE-3DB2-45F4-964E-43F05F819DE5}.Ad-Hoc|iPhone.ActiveCfg = Release|Any CPU
		{FFBE34EE-3DB2-45F4-964E-43F05F819DE5}.Ad-Hoc|iPhone.Build.0 = Release|Any CPU
		{FFBE34EE-3DB2-45F4-964E-43F05F819DE5}.Ad-Hoc|iPhone.Deploy.0 = Release|Any CPU
		{FFBE34EE-3DB2-45F4-964E-43F05F819DE5}.Ad-Hoc|iPhoneSimulator.ActiveCfg = Release|Any CPU
		{FFBE34EE-3DB2-45F4-964E-43F05F819DE5}.Ad-Hoc|iPhoneSimulator.Build.0 = Release|Any CPU
		{FFBE34EE-3DB2-45F4-964E-43F05F819DE5}.Ad-Hoc|iPhoneSimulator.Deploy.0 = Release|Any CPU
		{FFBE34EE-3DB2-45F4-964E-43F05F819DE5}.AppStore|Any CPU.ActiveCfg = Release|Any CPU
		{FFBE34EE-3DB2-45F4-964E-43F05F819DE5}.AppStore|Any CPU.Build.0 = Release|Any CPU
		{FFBE34EE-3DB2-45F4-964E-43F05F819DE5}.AppStore|Any CPU.Deploy.0 = Release|Any CPU
		{FFBE34EE-3DB2-45F4-964E-43F05F819DE5}.AppStore|iPhone.ActiveCfg = Release|Any CPU
		{FFBE34EE-3DB2-45F4-964E-43F05F819DE5}.AppStore|iPhone.Build.0 = Release|Any CPU
		{FFBE34EE-3DB2-45F4-964E-43F05F819DE5}.AppStore|iPhone.Deploy.0 = Release|Any CPU
		{FFBE34EE-3DB2-45F4-964E-43F05F819DE5}.AppStore|iPhoneSimulator.ActiveCfg = Release|Any CPU
		{FFBE34EE-3DB2-45F4-964E-43F05F819DE5}.AppStore|iPhoneSimulator.Build.0 = Release|Any CPU
		{FFBE34EE-3DB2-45F4-964E-43F05F819DE5}.AppStore|iPhoneSimulator.Deploy.0 = Release|Any CPU
		{FFBE34EE-3DB2-45F4-964E-43F05F819DE5}.Debug|Any CPU.ActiveCfg = Debug|Any CPU
		{FFBE34EE-3DB2-45F4-964E-43F05F819DE5}.Debug|Any CPU.Build.0 = Debug|Any CPU
		{FFBE34EE-3DB2-45F4-964E-43F05F819DE5}.Debug|Any CPU.Deploy.0 = Debug|Any CPU
		{FFBE34EE-3DB2-45F4-964E-43F05F819DE5}.Debug|iPhone.ActiveCfg = Debug|Any CPU
		{FFBE34EE-3DB2-45F4-964E-43F05F819DE5}.Debug|iPhone.Build.0 = Debug|Any CPU
		{FFBE34EE-3DB2-45F4-964E-43F05F819DE5}.Debug|iPhone.Deploy.0 = Debug|Any CPU
		{FFBE34EE-3DB2-45F4-964E-43F05F819DE5}.Debug|iPhoneSimulator.ActiveCfg = Debug|Any CPU
		{FFBE34EE-3DB2-45F4-964E-43F05F819DE5}.Debug|iPhoneSimulator.Build.0 = Debug|Any CPU
		{FFBE34EE-3DB2-45F4-964E-43F05F819DE5}.Debug|iPhoneSimulator.Deploy.0 = Debug|Any CPU
		{FFBE34EE-3DB2-45F4-964E-43F05F819DE5}.Release|Any CPU.ActiveCfg = Release|Any CPU
		{FFBE34EE-3DB2-45F4-964E-43F05F819DE5}.Release|Any CPU.Build.0 = Release|Any CPU
		{FFBE34EE-3DB2-45F4-964E-43F05F819DE5}.Release|Any CPU.Deploy.0 = Release|Any CPU
		{FFBE34EE-3DB2-45F4-964E-43F05F819DE5}.Release|iPhone.ActiveCfg = Release|Any CPU
		{FFBE34EE-3DB2-45F4-964E-43F05F819DE5}.Release|iPhone.Build.0 = Release|Any CPU
		{FFBE34EE-3DB2-45F4-964E-43F05F819DE5}.Release|iPhone.Deploy.0 = Release|Any CPU
		{FFBE34EE-3DB2-45F4-964E-43F05F819DE5}.Release|iPhoneSimulator.ActiveCfg = Release|Any CPU
		{FFBE34EE-3DB2-45F4-964E-43F05F819DE5}.Release|iPhoneSimulator.Build.0 = Release|Any CPU
		{FFBE34EE-3DB2-45F4-964E-43F05F819DE5}.Release|iPhoneSimulator.Deploy.0 = Release|Any CPU
		{662A967D-BDCB-457B-B000-C83E5FF93968}.Ad-Hoc|Any CPU.ActiveCfg = Ad-Hoc|iPhone
		{662A967D-BDCB-457B-B000-C83E5FF93968}.Ad-Hoc|Any CPU.Build.0 = Ad-Hoc|iPhone
		{662A967D-BDCB-457B-B000-C83E5FF93968}.Ad-Hoc|Any CPU.Deploy.0 = Ad-Hoc|iPhone
		{662A967D-BDCB-457B-B000-C83E5FF93968}.Ad-Hoc|iPhone.ActiveCfg = Ad-Hoc|iPhone
		{662A967D-BDCB-457B-B000-C83E5FF93968}.Ad-Hoc|iPhone.Build.0 = Ad-Hoc|iPhone
		{662A967D-BDCB-457B-B000-C83E5FF93968}.Ad-Hoc|iPhone.Deploy.0 = Ad-Hoc|iPhone
		{662A967D-BDCB-457B-B000-C83E5FF93968}.Ad-Hoc|iPhoneSimulator.ActiveCfg = Ad-Hoc|iPhoneSimulator
		{662A967D-BDCB-457B-B000-C83E5FF93968}.Ad-Hoc|iPhoneSimulator.Build.0 = Ad-Hoc|iPhoneSimulator
		{662A967D-BDCB-457B-B000-C83E5FF93968}.Ad-Hoc|iPhoneSimulator.Deploy.0 = Ad-Hoc|iPhoneSimulator
		{662A967D-BDCB-457B-B000-C83E5FF93968}.AppStore|Any CPU.ActiveCfg = AppStore|iPhone
		{662A967D-BDCB-457B-B000-C83E5FF93968}.AppStore|Any CPU.Build.0 = AppStore|iPhone
		{662A967D-BDCB-457B-B000-C83E5FF93968}.AppStore|Any CPU.Deploy.0 = AppStore|iPhone
		{662A967D-BDCB-457B-B000-C83E5FF93968}.AppStore|iPhone.ActiveCfg = AppStore|iPhone
		{662A967D-BDCB-457B-B000-C83E5FF93968}.AppStore|iPhone.Build.0 = AppStore|iPhone
		{662A967D-BDCB-457B-B000-C83E5FF93968}.AppStore|iPhone.Deploy.0 = AppStore|iPhone
		{662A967D-BDCB-457B-B000-C83E5FF93968}.AppStore|iPhoneSimulator.ActiveCfg = AppStore|iPhoneSimulator
		{662A967D-BDCB-457B-B000-C83E5FF93968}.AppStore|iPhoneSimulator.Build.0 = AppStore|iPhoneSimulator
		{662A967D-BDCB-457B-B000-C83E5FF93968}.AppStore|iPhoneSimulator.Deploy.0 = AppStore|iPhoneSimulator
		{662A967D-BDCB-457B-B000-C83E5FF93968}.Debug|Any CPU.ActiveCfg = Debug|iPhoneSimulator
		{662A967D-BDCB-457B-B000-C83E5FF93968}.Debug|Any CPU.Build.0 = Debug|iPhoneSimulator
		{662A967D-BDCB-457B-B000-C83E5FF93968}.Debug|Any CPU.Deploy.0 = Debug|iPhoneSimulator
		{662A967D-BDCB-457B-B000-C83E5FF93968}.Debug|iPhone.ActiveCfg = Debug|iPhone
		{662A967D-BDCB-457B-B000-C83E5FF93968}.Debug|iPhone.Build.0 = Debug|iPhone
		{662A967D-BDCB-457B-B000-C83E5FF93968}.Debug|iPhone.Deploy.0 = Debug|iPhone
		{662A967D-BDCB-457B-B000-C83E5FF93968}.Debug|iPhoneSimulator.ActiveCfg = Debug|iPhoneSimulator
		{662A967D-BDCB-457B-B000-C83E5FF93968}.Debug|iPhoneSimulator.Build.0 = Debug|iPhoneSimulator
		{662A967D-BDCB-457B-B000-C83E5FF93968}.Debug|iPhoneSimulator.Deploy.0 = Debug|iPhoneSimulator
		{662A967D-BDCB-457B-B000-C83E5FF93968}.Release|Any CPU.ActiveCfg = Release|iPhone
		{662A967D-BDCB-457B-B000-C83E5FF93968}.Release|Any CPU.Build.0 = Release|iPhone
		{662A967D-BDCB-457B-B000-C83E5FF93968}.Release|Any CPU.Deploy.0 = Release|iPhone
		{662A967D-BDCB-457B-B000-C83E5FF93968}.Release|iPhone.ActiveCfg = Release|iPhone
		{662A967D-BDCB-457B-B000-C83E5FF93968}.Release|iPhone.Build.0 = Release|iPhone
		{662A967D-BDCB-457B-B000-C83E5FF93968}.Release|iPhone.Deploy.0 = Release|iPhone
		{662A967D-BDCB-457B-B000-C83E5FF93968}.Release|iPhoneSimulator.ActiveCfg = Release|iPhoneSimulator
		{662A967D-BDCB-457B-B000-C83E5FF93968}.Release|iPhoneSimulator.Build.0 = Release|iPhoneSimulator
		{662A967D-BDCB-457B-B000-C83E5FF93968}.Release|iPhoneSimulator.Deploy.0 = Release|iPhoneSimulator
		{3AEAAF25-6912-448C-B2F2-D447C2F3B28D}.Ad-Hoc|Any CPU.ActiveCfg = Debug|Any CPU
		{3AEAAF25-6912-448C-B2F2-D447C2F3B28D}.Ad-Hoc|Any CPU.Build.0 = Debug|Any CPU
		{3AEAAF25-6912-448C-B2F2-D447C2F3B28D}.Ad-Hoc|Any CPU.Deploy.0 = Debug|Any CPU
		{3AEAAF25-6912-448C-B2F2-D447C2F3B28D}.Ad-Hoc|iPhone.ActiveCfg = Debug|Any CPU
		{3AEAAF25-6912-448C-B2F2-D447C2F3B28D}.Ad-Hoc|iPhone.Build.0 = Debug|Any CPU
		{3AEAAF25-6912-448C-B2F2-D447C2F3B28D}.Ad-Hoc|iPhone.Deploy.0 = Debug|Any CPU
		{3AEAAF25-6912-448C-B2F2-D447C2F3B28D}.Ad-Hoc|iPhoneSimulator.ActiveCfg = Debug|Any CPU
		{3AEAAF25-6912-448C-B2F2-D447C2F3B28D}.Ad-Hoc|iPhoneSimulator.Build.0 = Debug|Any CPU
		{3AEAAF25-6912-448C-B2F2-D447C2F3B28D}.Ad-Hoc|iPhoneSimulator.Deploy.0 = Debug|Any CPU
		{3AEAAF25-6912-448C-B2F2-D447C2F3B28D}.AppStore|Any CPU.ActiveCfg = Debug|Any CPU
		{3AEAAF25-6912-448C-B2F2-D447C2F3B28D}.AppStore|Any CPU.Build.0 = Debug|Any CPU
		{3AEAAF25-6912-448C-B2F2-D447C2F3B28D}.AppStore|Any CPU.Deploy.0 = Debug|Any CPU
		{3AEAAF25-6912-448C-B2F2-D447C2F3B28D}.AppStore|iPhone.ActiveCfg = Debug|Any CPU
		{3AEAAF25-6912-448C-B2F2-D447C2F3B28D}.AppStore|iPhone.Build.0 = Debug|Any CPU
		{3AEAAF25-6912-448C-B2F2-D447C2F3B28D}.AppStore|iPhone.Deploy.0 = Debug|Any CPU
		{3AEAAF25-6912-448C-B2F2-D447C2F3B28D}.AppStore|iPhoneSimulator.ActiveCfg = Debug|Any CPU
		{3AEAAF25-6912-448C-B2F2-D447C2F3B28D}.AppStore|iPhoneSimulator.Build.0 = Debug|Any CPU
		{3AEAAF25-6912-448C-B2F2-D447C2F3B28D}.AppStore|iPhoneSimulator.Deploy.0 = Debug|Any CPU
		{3AEAAF25-6912-448C-B2F2-D447C2F3B28D}.Debug|Any CPU.ActiveCfg = Debug|Any CPU
		{3AEAAF25-6912-448C-B2F2-D447C2F3B28D}.Debug|Any CPU.Build.0 = Debug|Any CPU
		{3AEAAF25-6912-448C-B2F2-D447C2F3B28D}.Debug|Any CPU.Deploy.0 = Debug|Any CPU
		{3AEAAF25-6912-448C-B2F2-D447C2F3B28D}.Debug|iPhone.ActiveCfg = Debug|Any CPU
		{3AEAAF25-6912-448C-B2F2-D447C2F3B28D}.Debug|iPhone.Build.0 = Debug|Any CPU
		{3AEAAF25-6912-448C-B2F2-D447C2F3B28D}.Debug|iPhone.Deploy.0 = Debug|Any CPU
		{3AEAAF25-6912-448C-B2F2-D447C2F3B28D}.Debug|iPhoneSimulator.ActiveCfg = Debug|Any CPU
		{3AEAAF25-6912-448C-B2F2-D447C2F3B28D}.Debug|iPhoneSimulator.Build.0 = Debug|Any CPU
		{3AEAAF25-6912-448C-B2F2-D447C2F3B28D}.Debug|iPhoneSimulator.Deploy.0 = Debug|Any CPU
		{3AEAAF25-6912-448C-B2F2-D447C2F3B28D}.Release|Any CPU.ActiveCfg = Release|Any CPU
		{3AEAAF25-6912-448C-B2F2-D447C2F3B28D}.Release|Any CPU.Build.0 = Release|Any CPU
		{3AEAAF25-6912-448C-B2F2-D447C2F3B28D}.Release|Any CPU.Deploy.0 = Release|Any CPU
		{3AEAAF25-6912-448C-B2F2-D447C2F3B28D}.Release|iPhone.ActiveCfg = Release|Any CPU
		{3AEAAF25-6912-448C-B2F2-D447C2F3B28D}.Release|iPhone.Build.0 = Release|Any CPU
		{3AEAAF25-6912-448C-B2F2-D447C2F3B28D}.Release|iPhone.Deploy.0 = Release|Any CPU
		{3AEAAF25-6912-448C-B2F2-D447C2F3B28D}.Release|iPhoneSimulator.ActiveCfg = Release|Any CPU
		{3AEAAF25-6912-448C-B2F2-D447C2F3B28D}.Release|iPhoneSimulator.Build.0 = Release|Any CPU
		{3AEAAF25-6912-448C-B2F2-D447C2F3B28D}.Release|iPhoneSimulator.Deploy.0 = Release|Any CPU
	EndGlobalSection
	GlobalSection(SolutionProperties) = preSolution
		HideSolutionNode = FALSE
	EndGlobalSection
	GlobalSection(ExtensibilityGlobals) = postSolution
		SolutionGuid = {0A2C5646-6DB8-40A1-AB1A-5892ACB32F5A}
	EndGlobalSection
EndGlobal
